
Microsoft Visual Studio Solution File, Format Version 12.00
# Visual Studio Version 16
VisualStudioVersion = 16.0.29025.244
MinimumVisualStudioVersion = 10.0.40219.1
Project("{FAE04EC0-301F-11D3-BF4B-00C04F79EFBC}") = "HelloWPF", "HelloWPF\HelloWPF.csproj", "{FD3D5727-102C-43BE-A15C-CEE0E8F20190}"
EndProject
Global
	GlobalSection(SolutionConfigurationPlatforms) = preSolution
		Debug|Any CPU = Debug|Any CPU
		Release|Any CPU = Release|Any CPU
	EndGlobalSection
	GlobalSection(ProjectConfigurationPlatforms) = postSolution
		{FD3D5727-102C-43BE-A15C-CEE0E8F20190}.Debug|Any CPU.ActiveCfg = Debug|Any CPU
		{FD3D5727-102C-43BE-A15C-CEE0E8F20190}.Debug|Any CPU.Build.0 = Debug|Any CPU
		{FD3D5727-102C-43BE-A15C-CEE0E8F20190}.Release|Any CPU.ActiveCfg = Release|Any CPU
		{FD3D5727-102C-43BE-A15C-CEE0E8F20190}.Release|Any CPU.Build.0 = Release|Any CPU
	EndGlobalSection
	GlobalSection(SolutionProperties) = preSolution
		HideSolutionNode = FALSE
	EndGlobalSection
	GlobalSection(ExtensibilityGlobals) = postSolution
		SolutionGuid = {B6E23A18-883D-462E-85F3-3ED1C0D38744}
	EndGlobalSection
EndGlobal
